
Microsoft Visual Studio Solution File, Format Version 12.00
# Visual Studio 2017
Project("{FAE04EC0-301F-11D3-BF4B-00C04F79EFBC}") = "Chao Garden Tests", "Chao Garden Tests.csproj", "{21FBE986-EE2C-7DBB-3441-5D4C2E7680FD}"
EndProject
Global
	GlobalSection(SolutionConfigurationPlatforms) = preSolution
		Debug|Any CPU = Debug|Any CPU
		Release|Any CPU = Release|Any CPU
	EndGlobalSection
	GlobalSection(ProjectConfigurationPlatforms) = postSolution
		{21FBE986-EE2C-7DBB-3441-5D4C2E7680FD}.Debug|Any CPU.ActiveCfg = Debug|Any CPU
		{21FBE986-EE2C-7DBB-3441-5D4C2E7680FD}.Debug|Any CPU.Build.0 = Debug|Any CPU
		{21FBE986-EE2C-7DBB-3441-5D4C2E7680FD}.Release|Any CPU.ActiveCfg = Release|Any CPU
		{21FBE986-EE2C-7DBB-3441-5D4C2E7680FD}.Release|Any CPU.Build.0 = Release|Any CPU
	EndGlobalSection
	GlobalSection(SolutionProperties) = preSolution
		HideSolutionNode = FALSE
	EndGlobalSection
EndGlobal
